
Microsoft Visual Studio Solution File, Format Version 12.00
# Visual Studio 15
VisualStudioVersion = 15.0.27130.2036
MinimumVisualStudioVersion = 10.0.40219.1
Project("{FAE04EC0-301F-11D3-BF4B-00C04F79EFBC}") = "GUI", "GUI\GUI.csproj", "{DA17758A-25F3-4EDD-965C-5F33189040AA}"
EndProject
Global
	GlobalSection(SolutionConfigurationPlatforms) = preSolution
		Debug|Any CPU = Debug|Any CPU
		Release|Any CPU = Release|Any CPU
	EndGlobalSection
	GlobalSection(ProjectConfigurationPlatforms) = postSolution
		{DA17758A-25F3-4EDD-965C-5F33189040AA}.Debug|Any CPU.ActiveCfg = Debug|Any CPU
		{DA17758A-25F3-4EDD-965C-5F33189040AA}.Debug|Any CPU.Build.0 = Debug|Any CPU
		{DA17758A-25F3-4EDD-965C-5F33189040AA}.Release|Any CPU.ActiveCfg = Release|Any CPU
		{DA17758A-25F3-4EDD-965C-5F33189040AA}.Release|Any CPU.Build.0 = Release|Any CPU
	EndGlobalSection
	GlobalSection(SolutionProperties) = preSolution
		HideSolutionNode = FALSE
	EndGlobalSection
	GlobalSection(ExtensibilityGlobals) = postSolution
		SolutionGuid = {125838E9-E6A0-4F88-A367-C08692696E9F}
	EndGlobalSection
EndGlobal
