
Microsoft Visual Studio Solution File, Format Version 12.00
# Visual Studio 15
VisualStudioVersion = 15.0.27130.2036
MinimumVisualStudioVersion = 10.0.40219.1
Project("{FAE04EC0-301F-11D3-BF4B-00C04F79EFBC}") = "MersinSocketAsync", "MersinSocketAsync\MersinSocketAsync.csproj", "{478BFBFC-047E-4FC3-A35D-71EA7D758323}"
EndProject
Global
	GlobalSection(SolutionConfigurationPlatforms) = preSolution
		Debug|Any CPU = Debug|Any CPU
		Release|Any CPU = Release|Any CPU
	EndGlobalSection
	GlobalSection(ProjectConfigurationPlatforms) = postSolution
		{478BFBFC-047E-4FC3-A35D-71EA7D758323}.Debug|Any CPU.ActiveCfg = Debug|Any CPU
		{478BFBFC-047E-4FC3-A35D-71EA7D758323}.Debug|Any CPU.Build.0 = Debug|Any CPU
		{478BFBFC-047E-4FC3-A35D-71EA7D758323}.Release|Any CPU.ActiveCfg = Release|Any CPU
		{478BFBFC-047E-4FC3-A35D-71EA7D758323}.Release|Any CPU.Build.0 = Release|Any CPU
	EndGlobalSection
	GlobalSection(SolutionProperties) = preSolution
		HideSolutionNode = FALSE
	EndGlobalSection
	GlobalSection(ExtensibilityGlobals) = postSolution
		SolutionGuid = {6F84497C-EAE5-42B0-9748-C229C5857C71}
	EndGlobalSection
EndGlobal
